PODS:
  - NCMB (3.0.0)

DEPENDENCIES:
  - NCMB (from `https://github.com/NIFCloud-mbaas/ncmb_ios.git`)

EXTERNAL SOURCES:
  NCMB:
    :git: https://github.com/NIFCloud-mbaas/ncmb_ios.git

CHECKOUT OPTIONS:
  NCMB:
    :commit: 4531a5cd25d0790d5a2d67b29216d9cd7ba6bc1e
    :git: https://github.com/NIFCloud-mbaas/ncmb_ios.git

SPEC CHECKSUMS:
  NCMB: 53f7cd60388556330e18cc9196cbe4f897d5c091

PODFILE CHECKSUM: 5bc2d5aab70a04576a39c7e7b298adbf181ad360

COCOAPODS: 1.5.3
