// !$*UTF8*$!
{
	archiveVersion = 1;
	classes = {
	};
	objectVersion = 46;
	objects = {

/* Begin PBXBuildFile section */
		0C139686C93B4A767FD1BA9D /* Pods_SwiftAutoLoginApp.framework in Frameworks */ = {isa = PBXBuildFile; fileRef = CBF7DF231D0946BCB482F0D3 /* Pods_SwiftAutoLoginApp.framework */; };
		BD57064B1DC05397009A9971 /* AppDelegate.swift in Sources */ = {isa = PBXBuildFile; fileRef = BD57064A1DC05397009A9971 /* AppDelegate.swift */; };
		BD57064D1DC05397009A9971 /* ViewController.swift in Sources */ = {isa = PBXBuildFile; fileRef = BD57064C1DC05397009A9971 /* ViewController.swift */; };
		BD5706501DC05397009A9971 /* Main.storyboard in Resources */ = {isa = PBXBuildFile; fileRef = BD57064E1DC05397009A9971 /* Main.storyboard */; };
		BD5706521DC05397009A9971 /* Assets.xcassets in Resources */ = {isa = PBXBuildFile; fileRef = BD5706511DC05397009A9971 /* Assets.xcassets */; };
		BD5706551DC05397009A9971 /* LaunchScreen.storyboard in Resources */ = {isa = PBXBuildFile; fileRef = BD5706531DC05397009A9971 /* LaunchScreen.storyboard */; };
/* End PBXBuildFile section */

/* Begin PBXFileReference section */
		26606A5868BFC86DFB8142CF /* Pods-SwiftAutoLoginApp.debug.xcconfig */ = {isa = PBXFileReference; includeInIndex = 1; lastKnownFileType = text.xcconfig; name = "Pods-SwiftAutoLoginApp.debug.xcconfig"; path = "Pods/Target Support Files/Pods-SwiftAutoLoginApp/Pods-SwiftAutoLoginApp.debug.xcconfig"; sourceTree = "<group>"; };
		93F6B13548D99933936BAB96 /* Pods-SwiftAutoLoginApp.release.xcconfig */ = {isa = PBXFileReference; includeInIndex = 1; lastKnownFileType = text.xcconfig; name = "Pods-SwiftAutoLoginApp.release.xcconfig"; path = "Pods/Target Support Files/Pods-SwiftAutoLoginApp/Pods-SwiftAutoLoginApp.release.xcconfig"; sourceTree = "<group>"; };
		BD5706471DC05397009A9971 /* SwiftAutoLoginApp.app */ = {isa = PBXFileReference; explicitFileType = wrapper.application; includeInIndex = 0; path = SwiftAutoLoginApp.app; sourceTree = BUILT_PRODUCTS_DIR; };
		BD57064A1DC05397009A9971 /* AppDelegate.swift */ = {isa = PBXFileReference; lastKnownFileType = sourcecode.swift; path = AppDelegate.swift; sourceTree = "<group>"; };
		BD57064C1DC05397009A9971 /* ViewController.swift */ = {isa = PBXFileReference; lastKnownFileType = sourcecode.swift; path = ViewController.swift; sourceTree = "<group>"; };
		BD57064F1DC05397009A9971 /* Base */ = {isa = PBXFileReference; lastKnownFileType = file.storyboard; name = Base; path = Base.lproj/Main.storyboard; sourceTree = "<group>"; };
		BD5706511DC05397009A9971 /* Assets.xcassets */ = {isa = PBXFileReference; lastKnownFileType = folder.assetcatalog; path = Assets.xcassets; sourceTree = "<group>"; };
		BD5706541DC05397009A9971 /* Base */ = {isa = PBXFileReference; lastKnownFileType = file.storyboard; name = Base; path = Base.lproj/LaunchScreen.storyboard; sourceTree = "<group>"; };
		BD5706561DC05397009A9971 /* Info.plist */ = {isa = PBXFileReference; lastKnownFileType = text.plist.xml; path = Info.plist; sourceTree = "<group>"; };
		CBF7DF231D0946BCB482F0D3 /* Pods_SwiftAutoLoginApp.framework */ = {isa = PBXFileReference; explicitFileType = wrapper.framework; includeInIndex = 0; path = Pods_SwiftAutoLoginApp.framework; sourceTree = BUILT_PRODUCTS_DIR; };
/* End PBXFileReference section */

/* Begin PBXFrameworksBuildPhase section */
		BD5706441DC05397009A9971 /* Frameworks */ = {
			isa = PBXFrameworksBuildPhase;
			buildActionMask = 2147483647;
			files = (
				0C139686C93B4A767FD1BA9D /* Pods_SwiftAutoLoginApp.framework in Frameworks */,
			);
			runOnlyForDeploymentPostprocessing = 0;
		};
/* End PBXFrameworksBuildPhase section */

/* Begin PBXGroup section */
		A257C97F2C3F86F9754D8D0B /* Pods */ = {
			isa = PBXGroup;
			children = (
				26606A5868BFC86DFB8142CF /* Pods-SwiftAutoLoginApp.debug.xcconfig */,
				93F6B13548D99933936BAB96 /* Pods-SwiftAutoLoginApp.release.xcconfig */,
			);
			name = Pods;
			sourceTree = "<group>";
		};
		BD57063E1DC05397009A9971 = {
			isa = PBXGroup;
			children = (
				BD5706491DC05397009A9971 /* SwiftAutoLoginApp */,
				BD5706481DC05397009A9971 /* Products */,
				A257C97F2C3F86F9754D8D0B /* Pods */,
				F559AA2FF30A6E51CFA8B668 /* Frameworks */,
			);
			sourceTree = "<group>";
		};
		BD5706481DC05397009A9971 /* Products */ = {
			isa = PBXGroup;
			children = (
				BD5706471DC05397009A9971 /* SwiftAutoLoginApp.app */,
			);
			name = Products;
			sourceTree = "<group>";
		};
		BD5706491DC05397009A9971 /* SwiftAutoLoginApp */ = {
			isa = PBXGroup;
			children = (
				BD57064A1DC05397009A9971 /* AppDelegate.swift */,
				BD57064C1DC05397009A9971 /* ViewController.swift */,
				BD57064E1DC05397009A9971 /* Main.storyboard */,
				BD5706511DC05397009A9971 /* Assets.xcassets */,
				BD5706531DC05397009A9971 /* LaunchScreen.storyboard */,
				BD5706561DC05397009A9971 /* Info.plist */,
			);
			path = SwiftAutoLoginApp;
			sourceTree = "<group>";
		};
		F559AA2FF30A6E51CFA8B668 /* Frameworks */ = {
			isa = PBXGroup;
			children = (
				CBF7DF231D0946BCB482F0D3 /* Pods_SwiftAutoLoginApp.framework */,
			);
			name = Frameworks;
			sourceTree = "<group>";
		};
/* End PBXGroup section */

/* Begin PBXNativeTarget section */
		BD5706461DC05397009A9971 /* SwiftAutoLoginApp */ = {
			isa = PBXNativeTarget;
			buildConfigurationList = BD5706591DC05397009A9971 /* Build configuration list for PBXNativeTarget "SwiftAutoLoginApp" */;
			buildPhases = (
				8EE2C6F542D5B972754300C6 /* 📦 Check Pods Manifest.lock */,
				BD5706431DC05397009A9971 /* Sources */,
				BD5706441DC05397009A9971 /* Frameworks */,
				BD5706451DC05397009A9971 /* Resources */,
				3B1E5971E1AAD85A1759209C /* 📦 Embed Pods Frameworks */,
				F917A7BB966EA8F5913192CB /* 📦 Copy Pods Resources */,
			);
			buildRules = (
			);
			dependencies = (
			);
			name = SwiftAutoLoginApp;
			productName = SwiftAutoLoginApp;
			productReference = BD5706471DC05397009A9971 /* SwiftAutoLoginApp.app */;
			productType = "com.apple.product-type.application";
		};
/* End PBXNativeTarget section */

/* Begin PBXProject section */
		BD57063F1DC05397009A9971 /* Project object */ = {
			isa = PBXProject;
			attributes = {
				LastSwiftUpdateCheck = 0800;
				LastUpgradeCheck = 0800;
				ORGANIZATIONNAME = "FUJITSU CLOUD TECHNOLOGIES LIMITED";
				TargetAttributes = {
					BD5706461DC05397009A9971 = {
						CreatedOnToolsVersion = 8.0;
						ProvisioningStyle = Automatic;
					};
				};
			};
			buildConfigurationList = BD5706421DC05397009A9971 /* Build configuration list for PBXProject "SwiftAutoLoginApp" */;
			compatibilityVersion = "Xcode 3.2";
			developmentRegion = English;
			hasScannedForEncodings = 0;
			knownRegions = (
				en,
				Base,
			);
			mainGroup = BD57063E1DC05397009A9971;
			productRefGroup = BD5706481DC05397009A9971 /* Products */;
			projectDirPath = "";
			projectRoot = "";
			targets = (
				BD5706461DC05397009A9971 /* SwiftAutoLoginApp */,
			);
		};
/* End PBXProject section */

/* Begin PBXResourcesBuildPhase section */
		BD5706451DC05397009A9971 /* Resources */ = {
			isa = PBXResourcesBuildPhase;
			buildActionMask = 2147483647;
			files = (
				BD5706551DC05397009A9971 /* LaunchScreen.storyboard in Resources */,
				BD5706521DC05397009A9971 /* Assets.xcassets in Resources */,
				BD5706501DC05397009A9971 /* Main.storyboard in Resources */,
			);
			runOnlyForDeploymentPostprocessing = 0;
		};
/* End PBXResourcesBuildPhase section */

/* Begin PBXShellScriptBuildPhase section */
		3B1E5971E1AAD85A1759209C /* 📦 Embed Pods Frameworks */ = {
			isa = PBXShellScriptBuildPhase;
			buildActionMask = 2147483647;
			files = (
			);
			inputPaths = (
			);
			name = "📦 Embed Pods Frameworks";
			outputPaths = (
			);
			runOnlyForDeploymentPostprocessing = 0;
			shellPath = /bin/sh;
			shellScript = "\"${SRCROOT}/Pods/Target Support Files/Pods-SwiftAutoLoginApp/Pods-SwiftAutoLoginApp-frameworks.sh\"\n";
			showEnvVarsInLog = 0;
		};
		8EE2C6F542D5B972754300C6 /* 📦 Check Pods Manifest.lock */ = {
			isa = PBXShellScriptBuildPhase;
			buildActionMask = 2147483647;
			files = (
			);
			inputPaths = (
			);
			name = "📦 Check Pods Manifest.lock";
			outputPaths = (
			);
			runOnlyForDeploymentPostprocessing = 0;
			shellPath = /bin/sh;
			shellScript = "diff \"${PODS_ROOT}/../Podfile.lock\" \"${PODS_ROOT}/Manifest.lock\" > /dev/null\nif [[ $? != 0 ]] ; then\n    cat << EOM\nerror: The sandbox is not in sync with the Podfile.lock. Run 'pod install' or update your CocoaPods installation.\nEOM\n    exit 1\nfi\n";
			showEnvVarsInLog = 0;
		};
		F917A7BB966EA8F5913192CB /* 📦 Copy Pods Resources */ = {
			isa = PBXShellScriptBuildPhase;
			buildActionMask = 2147483647;
			files = (
			);
			inputPaths = (
			);
			name = "📦 Copy Pods Resources";
			outputPaths = (
			);
			runOnlyForDeploymentPostprocessing = 0;
			shellPath = /bin/sh;
			shellScript = "\"${SRCROOT}/Pods/Target Support Files/Pods-SwiftAutoLoginApp/Pods-SwiftAutoLoginApp-resources.sh\"\n";
			showEnvVarsInLog = 0;
		};
/* End PBXShellScriptBuildPhase section */

/* Begin PBXSourcesBuildPhase section */
		BD5706431DC05397009A9971 /* Sources */ = {
			isa = PBXSourcesBuildPhase;
			buildActionMask = 2147483647;
			files = (
				BD57064D1DC05397009A9971 /* ViewController.swift in Sources */,
				BD57064B1DC05397009A9971 /* AppDelegate.swift in Sources */,
			);
			runOnlyForDeploymentPostprocessing = 0;
		};
/* End PBXSourcesBuildPhase section */

/* Begin PBXVariantGroup section */
		BD57064E1DC05397009A9971 /* Main.storyboard */ = {
			isa = PBXVariantGroup;
			children = (
				BD57064F1DC05397009A9971 /* Base */,
			);
			name = Main.storyboard;
			sourceTree = "<group>";
		};
		BD5706531DC05397009A9971 /* LaunchScreen.storyboard */ = {
			isa = PBXVariantGroup;
			children = (
				BD5706541DC05397009A9971 /* Base */,
			);
			name = LaunchScreen.storyboard;
			sourceTree = "<group>";
		};
/* End PBXVariantGroup section */

/* Begin XCBuildConfiguration section */
		BD5706571DC05397009A9971 /* Debug */ = {
			isa = XCBuildConfiguration;
			buildSettings = {
				ALWAYS_SEARCH_USER_PATHS = NO;
				CLANG_ANALYZER_NONNULL = YES;
				CLANG_CXX_LANGUAGE_STANDARD = "gnu++0x";
				CLANG_CXX_LIBRARY = "libc++";
				CLANG_ENABLE_MODULES = YES;
				CLANG_ENABLE_OBJC_ARC = YES;
				CLANG_WARN_BOOL_CONVERSION = YES;
				CLANG_WARN_CONSTANT_CONVERSION = YES;
				CLANG_WARN_DIRECT_OBJC_ISA_USAGE = YES_ERROR;
				CLANG_WARN_DOCUMENTATION_COMMENTS = YES;
				CLANG_WARN_EMPTY_BODY = YES;
				CLANG_WARN_ENUM_CONVERSION = YES;
				CLANG_WARN_INFINITE_RECURSION = YES;
				CLANG_WARN_INT_CONVERSION = YES;
				CLANG_WARN_OBJC_ROOT_CLASS = YES_ERROR;
				CLANG_WARN_SUSPICIOUS_MOVES = YES;
				CLANG_WARN_UNREACHABLE_CODE = YES;
				CLANG_WARN__DUPLICATE_METHOD_MATCH = YES;
				"CODE_SIGN_IDENTITY[sdk=iphoneos*]" = "iPhone Developer";
				COPY_PHASE_STRIP = NO;
				DEBUG_INFORMATION_FORMAT = dwarf;
				ENABLE_STRICT_OBJC_MSGSEND = YES;
				ENABLE_TESTABILITY = YES;
				GCC_C_LANGUAGE_STANDARD = gnu99;
				GCC_DYNAMIC_NO_PIC = NO;
				GCC_NO_COMMON_BLOCKS = YES;
				GCC_OPTIMIZATION_LEVEL = 0;
				GCC_PREPROCESSOR_DEFINITIONS = (
					"DEBUG=1",
					"$(inherited)",
				);
				GCC_WARN_64_TO_32_BIT_CONVERSION = YES;
				GCC_WARN_ABOUT_RETURN_TYPE = YES_ERROR;
				GCC_WARN_UNDECLARED_SELECTOR = YES;
				GCC_WARN_UNINITIALIZED_AUTOS = YES_AGGRESSIVE;
				GCC_WARN_UNUSED_FUNCTION = YES;
				GCC_WARN_UNUSED_VARIABLE = YES;
				IPHONEOS_DEPLOYMENT_TARGET = 10.0;
				MTL_ENABLE_DEBUG_INFO = YES;
				ONLY_ACTIVE_ARCH = YES;
				SDKROOT = iphoneos;
				SWIFT_ACTIVE_COMPILATION_CONDITIONS = DEBUG;
				SWIFT_OPTIMIZATION_LEVEL = "-Onone";
				TARGETED_DEVICE_FAMILY = "1,2";
			};
			name = Debug;
		};
		BD5706581DC05397009A9971 /* Release */ = {
			isa = XCBuildConfiguration;
			buildSettings = {
				ALWAYS_SEARCH_USER_PATHS = NO;
				CLANG_ANALYZER_NONNULL = YES;
				CLANG_CXX_LANGUAGE_STANDARD = "gnu++0x";
				CLANG_CXX_LIBRARY = "libc++";
				CLANG_ENABLE_MODULES = YES;
				CLANG_ENABLE_OBJC_ARC = YES;
				CLANG_WARN_BOOL_CONVERSION = YES;
				CLANG_WARN_CONSTANT_CONVERSION = YES;
				CLANG_WARN_DIRECT_OBJC_ISA_USAGE = YES_ERROR;
				CLANG_WARN_DOCUMENTATION_COMMENTS = YES;
				CLANG_WARN_EMPTY_BODY = YES;
				CLANG_WARN_ENUM_CONVERSION = YES;
				CLANG_WARN_INFINITE_RECURSION = YES;
				CLANG_WARN_INT_CONVERSION = YES;
				CLANG_WARN_OBJC_ROOT_CLASS = YES_ERROR;
				CLANG_WARN_SUSPICIOUS_MOVES = YES;
				CLANG_WARN_UNREACHABLE_CODE = YES;
				CLANG_WARN__DUPLICATE_METHOD_MATCH = YES;
				"CODE_SIGN_IDENTITY[sdk=iphoneos*]" = "iPhone Developer";
				COPY_PHASE_STRIP = NO;
				DEBUG_INFORMATION_FORMAT = "dwarf-with-dsym";
				ENABLE_NS_ASSERTIONS = NO;
				ENABLE_STRICT_OBJC_MSGSEND = YES;
				GCC_C_LANGUAGE_STANDARD = gnu99;
				GCC_NO_COMMON_BLOCKS = YES;
				GCC_WARN_64_TO_32_BIT_CONVERSION = YES;
				GCC_WARN_ABOUT_RETURN_TYPE = YES_ERROR;
				GCC_WARN_UNDECLARED_SELECTOR = YES;
				GCC_WARN_UNINITIALIZED_AUTOS = YES_AGGRESSIVE;
				GCC_WARN_UNUSED_FUNCTION = YES;
				GCC_WARN_UNUSED_VARIABLE = YES;
				IPHONEOS_DEPLOYMENT_TARGET = 10.0;
				MTL_ENABLE_DEBUG_INFO = NO;
				SDKROOT = iphoneos;
				SWIFT_OPTIMIZATION_LEVEL = "-Owholemodule";
				TARGETED_DEVICE_FAMILY = "1,2";
				VALIDATE_PRODUCT = YES;
			};
			name = Release;
		};
		BD57065A1DC05397009A9971 /* Debug */ = {
			isa = XCBuildConfiguration;
			baseConfigurationReference = 26606A5868BFC86DFB8142CF /* Pods-SwiftAutoLoginApp.debug.xcconfig */;
			buildSettings = {
				ASSETCATALOG_COMPILER_APPICON_NAME = AppIcon;
				INFOPLIST_FILE = SwiftAutoLoginApp/Info.plist;
				LD_RUNPATH_SEARCH_PATHS = "$(inherited) @executable_path/Frameworks";
				PRODUCT_BUNDLE_IDENTIFIER = com.mobilebackend.nifcloud.SwiftAutoLoginApp;
				PRODUCT_NAME = "$(TARGET_NAME)";
				SWIFT_VERSION = 4.2;
			};
			name = Debug;
		};
		BD57065B1DC05397009A9971 /* Release */ = {
			isa = XCBuildConfiguration;
			baseConfigurationReference = 93F6B13548D99933936BAB96 /* Pods-SwiftAutoLoginApp.release.xcconfig */;
			buildSettings = {
				ASSETCATALOG_COMPILER_APPICON_NAME = AppIcon;
				INFOPLIST_FILE = SwiftAutoLoginApp/Info.plist;
				LD_RUNPATH_SEARCH_PATHS = "$(inherited) @executable_path/Frameworks";
				PRODUCT_BUNDLE_IDENTIFIER = com.mobilebackend.nifcloud.SwiftAutoLoginApp;
				PRODUCT_NAME = "$(TARGET_NAME)";
				SWIFT_VERSION = 4.2;
			};
			name = Release;
		};
/* End XCBuildConfiguration section */

/* Begin XCConfigurationList section */
		BD5706421DC05397009A9971 /* Build configuration list for PBXProject "SwiftAutoLoginApp" */ = {
			isa = XCConfigurationList;
			buildConfigurations = (
				BD5706571DC05397009A9971 /* Debug */,
				BD5706581DC05397009A9971 /* Release */,
			);
			defaultConfigurationIsVisible = 0;
			defaultConfigurationName = Release;
		};
		BD5706591DC05397009A9971 /* Build configuration list for PBXNativeTarget "SwiftAutoLoginApp" */ = {
			isa = XCConfigurationList;
			buildConfigurations = (
				BD57065A1DC05397009A9971 /* Debug */,
				BD57065B1DC05397009A9971 /* Release */,
			);
			defaultConfigurationIsVisible = 0;
			defaultConfigurationName = Release;
		};
/* End XCConfigurationList section */
	};
	rootObject = BD57063F1DC05397009A9971 /* Project object */;
}
